
Microsoft Visual Studio Solution File, Format Version 12.00
# Visual Studio Version 17
VisualStudioVersion = 17.5.33627.172
MinimumVisualStudioVersion = 10.0.40219.1
Project("{9A19103F-16F7-4668-BE54-9A1E7A4F7556}") = "MindboxTest", "MindboxTest\MindboxTest.csproj", "{69C3079F-7D88-444F-8497-40F7D30E256C}"
EndProject
Project("{FAE04EC0-301F-11D3-BF4B-00C04F79EFBC}") = "TestProject", "TestProject\TestProject.csproj", "{E4321E08-4BEE-4892-B365-6061271A875E}"
EndProject
Global
	GlobalSection(SolutionConfigurationPlatforms) = preSolution
		Debug|Any CPU = Debug|Any CPU
		Release|Any CPU = Release|Any CPU
	EndGlobalSection
	GlobalSection(ProjectConfigurationPlatforms) = postSolution
		{69C3079F-7D88-444F-8497-40F7D30E256C}.Debug|Any CPU.ActiveCfg = Debug|Any CPU
		{69C3079F-7D88-444F-8497-40F7D30E256C}.Debug|Any CPU.Build.0 = Debug|Any CPU
		{69C3079F-7D88-444F-8497-40F7D30E256C}.Release|Any CPU.ActiveCfg = Release|Any CPU
		{69C3079F-7D88-444F-8497-40F7D30E256C}.Release|Any CPU.Build.0 = Release|Any CPU
		{E4321E08-4BEE-4892-B365-6061271A875E}.Debug|Any CPU.ActiveCfg = Debug|Any CPU
		{E4321E08-4BEE-4892-B365-6061271A875E}.Debug|Any CPU.Build.0 = Debug|Any CPU
		{E4321E08-4BEE-4892-B365-6061271A875E}.Release|Any CPU.ActiveCfg = Release|Any CPU
		{E4321E08-4BEE-4892-B365-6061271A875E}.Release|Any CPU.Build.0 = Release|Any CPU
	EndGlobalSection
	GlobalSection(SolutionProperties) = preSolution
		HideSolutionNode = FALSE
	EndGlobalSection
	GlobalSection(ExtensibilityGlobals) = postSolution
		SolutionGuid = {507A8781-AC93-4034-BF81-AC19378C1E00}
	EndGlobalSection
EndGlobal
