
Microsoft Visual Studio Solution File, Format Version 12.00
# Visual Studio Version 17
VisualStudioVersion = 17.7.34031.279
MinimumVisualStudioVersion = 10.0.40219.1
Project("{9A19103F-16F7-4668-BE54-9A1E7A4F7556}") = "FigureLib.Tests", "Mindbox.Tests\FigureLib.Tests.csproj", "{DBBE03DA-4535-4D7C-9C9F-58647705AEB4}"
EndProject
Project("{9A19103F-16F7-4668-BE54-9A1E7A4F7556}") = "WebAPI", "WebAPI\WebAPI.csproj", "{EE2B00EC-10D0-4C7C-84BF-DD490E69A970}"
EndProject
Project("{9A19103F-16F7-4668-BE54-9A1E7A4F7556}") = "FigureService", "FigureService\FigureService.csproj", "{E38C0C59-EBD4-43AB-B7E1-2B2244C4F9F6}"
EndProject
Project("{9A19103F-16F7-4668-BE54-9A1E7A4F7556}") = "Orm", "Orm\Orm.csproj", "{B622BD85-809D-4F55-8395-BB4544A3D00F}"
EndProject
Project("{9A19103F-16F7-4668-BE54-9A1E7A4F7556}") = "FigureLib.Task1", "FigureLib.Task1\FigureLib.Task1.csproj", "{419B6F97-2D8C-477C-B69A-260495B1AB35}"
EndProject
Project("{9A19103F-16F7-4668-BE54-9A1E7A4F7556}") = "Database.Task2", "Database.Task2\Database.Task2.csproj", "{56BC4B78-C692-4C75-9825-9F99E15212E5}"
EndProject
Global
	GlobalSection(SolutionConfigurationPlatforms) = preSolution
		Debug|Any CPU = Debug|Any CPU
		Release|Any CPU = Release|Any CPU
	EndGlobalSection
	GlobalSection(ProjectConfigurationPlatforms) = postSolution
		{DBBE03DA-4535-4D7C-9C9F-58647705AEB4}.Debug|Any CPU.ActiveCfg = Debug|Any CPU
		{DBBE03DA-4535-4D7C-9C9F-58647705AEB4}.Debug|Any CPU.Build.0 = Debug|Any CPU
		{DBBE03DA-4535-4D7C-9C9F-58647705AEB4}.Release|Any CPU.ActiveCfg = Release|Any CPU
		{DBBE03DA-4535-4D7C-9C9F-58647705AEB4}.Release|Any CPU.Build.0 = Release|Any CPU
		{EE2B00EC-10D0-4C7C-84BF-DD490E69A970}.Debug|Any CPU.ActiveCfg = Debug|Any CPU
		{EE2B00EC-10D0-4C7C-84BF-DD490E69A970}.Debug|Any CPU.Build.0 = Debug|Any CPU
		{EE2B00EC-10D0-4C7C-84BF-DD490E69A970}.Release|Any CPU.ActiveCfg = Release|Any CPU
		{EE2B00EC-10D0-4C7C-84BF-DD490E69A970}.Release|Any CPU.Build.0 = Release|Any CPU
		{E38C0C59-EBD4-43AB-B7E1-2B2244C4F9F6}.Debug|Any CPU.ActiveCfg = Debug|Any CPU
		{E38C0C59-EBD4-43AB-B7E1-2B2244C4F9F6}.Debug|Any CPU.Build.0 = Debug|Any CPU
		{E38C0C59-EBD4-43AB-B7E1-2B2244C4F9F6}.Release|Any CPU.ActiveCfg = Release|Any CPU
		{E38C0C59-EBD4-43AB-B7E1-2B2244C4F9F6}.Release|Any CPU.Build.0 = Release|Any CPU
		{B622BD85-809D-4F55-8395-BB4544A3D00F}.Debug|Any CPU.ActiveCfg = Debug|Any CPU
		{B622BD85-809D-4F55-8395-BB4544A3D00F}.Debug|Any CPU.Build.0 = Debug|Any CPU
		{B622BD85-809D-4F55-8395-BB4544A3D00F}.Release|Any CPU.ActiveCfg = Release|Any CPU
		{B622BD85-809D-4F55-8395-BB4544A3D00F}.Release|Any CPU.Build.0 = Release|Any CPU
		{419B6F97-2D8C-477C-B69A-260495B1AB35}.Debug|Any CPU.ActiveCfg = Debug|Any CPU
		{419B6F97-2D8C-477C-B69A-260495B1AB35}.Debug|Any CPU.Build.0 = Debug|Any CPU
		{419B6F97-2D8C-477C-B69A-260495B1AB35}.Release|Any CPU.ActiveCfg = Release|Any CPU
		{419B6F97-2D8C-477C-B69A-260495B1AB35}.Release|Any CPU.Build.0 = Release|Any CPU
		{56BC4B78-C692-4C75-9825-9F99E15212E5}.Debug|Any CPU.ActiveCfg = Debug|Any CPU
		{56BC4B78-C692-4C75-9825-9F99E15212E5}.Debug|Any CPU.Build.0 = Debug|Any CPU
		{56BC4B78-C692-4C75-9825-9F99E15212E5}.Release|Any CPU.ActiveCfg = Release|Any CPU
		{56BC4B78-C692-4C75-9825-9F99E15212E5}.Release|Any CPU.Build.0 = Release|Any CPU
	EndGlobalSection
	GlobalSection(SolutionProperties) = preSolution
		HideSolutionNode = FALSE
	EndGlobalSection
	GlobalSection(ExtensibilityGlobals) = postSolution
		SolutionGuid = {81671176-A9CC-48B3-BE3D-CAFFDC6D602D}
	EndGlobalSection
EndGlobal
